
Microsoft Visual Studio Solution File, Format Version 12.00
# Visual Studio Version 17
VisualStudioVersion = 17.4.33403.182
MinimumVisualStudioVersion = 10.0.40219.1
Project("{9A19103F-16F7-4668-BE54-9A1E7A4F7556}") = "SistemaInventarioV6", "SistemaInventarioV6\SistemaInventarioV6.csproj", "{9C1FAFBD-DDEE-43B4-858A-7E826FFE0D5E}"
EndProject
Project("{FAE04EC0-301F-11D3-BF4B-00C04F79EFBC}") = "SistemaInventarioV6.AccesoDatos", "SistemaInventarioV6.AccesoDatos\SistemaInventarioV6.AccesoDatos.csproj", "{CA960ACE-B25C-44E1-9D59-757AA3AF00C0}"
EndProject
Project("{FAE04EC0-301F-11D3-BF4B-00C04F79EFBC}") = "SistemaInventarioV6.Modelos", "SistemaInventarioV6.Modelos\SistemaInventarioV6.Modelos.csproj", "{C06085A3-DD6D-4513-AE38-1CEAC366B0C3}"
EndProject
Project("{FAE04EC0-301F-11D3-BF4B-00C04F79EFBC}") = "SistemaInventarioV6.Utilidades", "SistemaInventarioV6.Utilidades\SistemaInventarioV6.Utilidades.csproj", "{7424C77F-A3AD-4B1C-BCB5-0D4DE454579E}"
EndProject
Global
	GlobalSection(SolutionConfigurationPlatforms) = preSolution
		Debug|Any CPU = Debug|Any CPU
		Release|Any CPU = Release|Any CPU
	EndGlobalSection
	GlobalSection(ProjectConfigurationPlatforms) = postSolution
		{9C1FAFBD-DDEE-43B4-858A-7E826FFE0D5E}.Debug|Any CPU.ActiveCfg = Debug|Any CPU
		{9C1FAFBD-DDEE-43B4-858A-7E826FFE0D5E}.Debug|Any CPU.Build.0 = Debug|Any CPU
		{9C1FAFBD-DDEE-43B4-858A-7E826FFE0D5E}.Release|Any CPU.ActiveCfg = Release|Any CPU
		{9C1FAFBD-DDEE-43B4-858A-7E826FFE0D5E}.Release|Any CPU.Build.0 = Release|Any CPU
		{CA960ACE-B25C-44E1-9D59-757AA3AF00C0}.Debug|Any CPU.ActiveCfg = Debug|Any CPU
		{CA960ACE-B25C-44E1-9D59-757AA3AF00C0}.Debug|Any CPU.Build.0 = Debug|Any CPU
		{CA960ACE-B25C-44E1-9D59-757AA3AF00C0}.Release|Any CPU.ActiveCfg = Release|Any CPU
		{CA960ACE-B25C-44E1-9D59-757AA3AF00C0}.Release|Any CPU.Build.0 = Release|Any CPU
		{C06085A3-DD6D-4513-AE38-1CEAC366B0C3}.Debug|Any CPU.ActiveCfg = Debug|Any CPU
		{C06085A3-DD6D-4513-AE38-1CEAC366B0C3}.Debug|Any CPU.Build.0 = Debug|Any CPU
		{C06085A3-DD6D-4513-AE38-1CEAC366B0C3}.Release|Any CPU.ActiveCfg = Release|Any CPU
		{C06085A3-DD6D-4513-AE38-1CEAC366B0C3}.Release|Any CPU.Build.0 = Release|Any CPU
		{7424C77F-A3AD-4B1C-BCB5-0D4DE454579E}.Debug|Any CPU.ActiveCfg = Debug|Any CPU
		{7424C77F-A3AD-4B1C-BCB5-0D4DE454579E}.Debug|Any CPU.Build.0 = Debug|Any CPU
		{7424C77F-A3AD-4B1C-BCB5-0D4DE454579E}.Release|Any CPU.ActiveCfg = Release|Any CPU
		{7424C77F-A3AD-4B1C-BCB5-0D4DE454579E}.Release|Any CPU.Build.0 = Release|Any CPU
	EndGlobalSection
	GlobalSection(SolutionProperties) = preSolution
		HideSolutionNode = FALSE
	EndGlobalSection
	GlobalSection(ExtensibilityGlobals) = postSolution
		SolutionGuid = {6AB7896B-9586-4101-9BDC-B233C2B34584}
	EndGlobalSection
EndGlobal
